Microsoft Visual Studio Solution File, Format Version 12.00
# Visual Studio Version 17
VisualStudioVersion = 17.5.2.0
MinimumVisualStudioVersion = 10.0.40219.1
Project("{2150E333-8FDC-42A3-9474-1A3956D46DE8}") = "C#", "C#", "{1DBD47E2-544B-F58A-27AE-70AE938492FA}"
EndProject
Project("{FAE04EC0-301F-11D3-BF4B-00C04F79EFBC}") = "FileHandling", "C#\FileHandling\FileHandling.csproj", "{5A6DE427-0821-DE18-18B9-A89C82201633}"
EndProject
Project("{FAE04EC0-301F-11D3-BF4B-00C04F79EFBC}") = "Strings", "C#\Strings\Strings.csproj", "{D76E3EEF-C2AB-7A92-12B8-721B364E74DB}"
EndProject
Project("{FAE04EC0-301F-11D3-BF4B-00C04F79EFBC}") = "ExceptionHandling", "C#\ExceptionHandling\ExceptionHandling.csproj", "{514AA716-2F94-FE83-2866-FAE5812C38D9}"
EndProject
Project("{FAE04EC0-301F-11D3-BF4B-00C04F79EFBC}") = "Record", "C#\Record\Record.csproj", "{1F3C359D-BFAB-8A01-1FE2-A7E54362EC02}"
EndProject
Project("{FAE04EC0-301F-11D3-BF4B-00C04F79EFBC}") = "Tuple", "C#\Tuple\Tuple.csproj", "{E8234589-57E4-2A2C-B59F-0A23E8DD8D66}"
EndProject
Project("{FAE04EC0-301F-11D3-BF4B-00C04F79EFBC}") = "OOP1", "C#\OOP1\OOP1.csproj", "{B3AD2706-DAC0-6E5C-2D51-09C8188B0771}"
EndProject
Project("{FAE04EC0-301F-11D3-BF4B-00C04F79EFBC}") = "Function", "C#\Function\Function.csproj", "{511187DD-10F2-4782-8A88-A05B59564036}"
EndProject
Project("{FAE04EC0-301F-11D3-BF4B-00C04F79EFBC}") = "Loops", "C#\Loops\Loops.csproj", "{23D70138-A8C9-02F1-58B1-3F9892CA84B8}"
EndProject
Project("{FAE04EC0-301F-11D3-BF4B-00C04F79EFBC}") = "HelloWorld", "C#\HelloWorld\HelloWorld.csproj", "{DB612CB8-5F69-81FD-1258-8D89C99A77DC}"
EndProject
Project("{FAE04EC0-301F-11D3-BF4B-00C04F79EFBC}") = "CustomException", "C#\CustomException\CustomException.csproj", "{6D766E2B-A79F-257F-255D-6DEE05EE2428}"
EndProject
Project("{FAE04EC0-301F-11D3-BF4B-00C04F79EFBC}") = "Numbers", "C#\Numbers\Numbers.csproj", "{A6567222-0FBB-133E-EFFF-A18FE72B3D23}"
EndProject
Project("{FAE04EC0-301F-11D3-BF4B-00C04F79EFBC}") = "KeyWords", "C#\KeyWords\KeyWords.csproj", "{3D3FA7A3-D97E-A820-E6F3-CD59DE6651E3}"
EndProject
Global
	GlobalSection(SolutionConfigurationPlatforms) = preSolution
		Debug|Any CPU = Debug|Any CPU
		Release|Any CPU = Release|Any CPU
	EndGlobalSection
	GlobalSection(ProjectConfigurationPlatforms) = postSolution
		{5A6DE427-0821-DE18-18B9-A89C82201633}.Debug|Any CPU.ActiveCfg = Debug|Any CPU
		{5A6DE427-0821-DE18-18B9-A89C82201633}.Debug|Any CPU.Build.0 = Debug|Any CPU
		{5A6DE427-0821-DE18-18B9-A89C82201633}.Release|Any CPU.ActiveCfg = Release|Any CPU
		{5A6DE427-0821-DE18-18B9-A89C82201633}.Release|Any CPU.Build.0 = Release|Any CPU
		{D76E3EEF-C2AB-7A92-12B8-721B364E74DB}.Debug|Any CPU.ActiveCfg = Debug|Any CPU
		{D76E3EEF-C2AB-7A92-12B8-721B364E74DB}.Debug|Any CPU.Build.0 = Debug|Any CPU
		{D76E3EEF-C2AB-7A92-12B8-721B364E74DB}.Release|Any CPU.ActiveCfg = Release|Any CPU
		{D76E3EEF-C2AB-7A92-12B8-721B364E74DB}.Release|Any CPU.Build.0 = Release|Any CPU
		{514AA716-2F94-FE83-2866-FAE5812C38D9}.Debug|Any CPU.ActiveCfg = Debug|Any CPU
		{514AA716-2F94-FE83-2866-FAE5812C38D9}.Debug|Any CPU.Build.0 = Debug|Any CPU
		{514AA716-2F94-FE83-2866-FAE5812C38D9}.Release|Any CPU.ActiveCfg = Release|Any CPU
		{514AA716-2F94-FE83-2866-FAE5812C38D9}.Release|Any CPU.Build.0 = Release|Any CPU
		{1F3C359D-BFAB-8A01-1FE2-A7E54362EC02}.Debug|Any CPU.ActiveCfg = Debug|Any CPU
		{1F3C359D-BFAB-8A01-1FE2-A7E54362EC02}.Debug|Any CPU.Build.0 = Debug|Any CPU
		{1F3C359D-BFAB-8A01-1FE2-A7E54362EC02}.Release|Any CPU.ActiveCfg = Release|Any CPU
		{1F3C359D-BFAB-8A01-1FE2-A7E54362EC02}.Release|Any CPU.Build.0 = Release|Any CPU
		{E8234589-57E4-2A2C-B59F-0A23E8DD8D66}.Debug|Any CPU.ActiveCfg = Debug|Any CPU
		{E8234589-57E4-2A2C-B59F-0A23E8DD8D66}.Debug|Any CPU.Build.0 = Debug|Any CPU
		{E8234589-57E4-2A2C-B59F-0A23E8DD8D66}.Release|Any CPU.ActiveCfg = Release|Any CPU
		{E8234589-57E4-2A2C-B59F-0A23E8DD8D66}.Release|Any CPU.Build.0 = Release|Any CPU
		{B3AD2706-DAC0-6E5C-2D51-09C8188B0771}.Debug|Any CPU.ActiveCfg = Debug|Any CPU
		{B3AD2706-DAC0-6E5C-2D51-09C8188B0771}.Debug|Any CPU.Build.0 = Debug|Any CPU
		{B3AD2706-DAC0-6E5C-2D51-09C8188B0771}.Release|Any CPU.ActiveCfg = Release|Any CPU
		{B3AD2706-DAC0-6E5C-2D51-09C8188B0771}.Release|Any CPU.Build.0 = Release|Any CPU
		{511187DD-10F2-4782-8A88-A05B59564036}.Debug|Any CPU.ActiveCfg = Debug|Any CPU
		{511187DD-10F2-4782-8A88-A05B59564036}.Debug|Any CPU.Build.0 = Debug|Any CPU
		{511187DD-10F2-4782-8A88-A05B59564036}.Release|Any CPU.ActiveCfg = Release|Any CPU
		{511187DD-10F2-4782-8A88-A05B59564036}.Release|Any CPU.Build.0 = Release|Any CPU
		{23D70138-A8C9-02F1-58B1-3F9892CA84B8}.Debug|Any CPU.ActiveCfg = Debug|Any CPU
		{23D70138-A8C9-02F1-58B1-3F9892CA84B8}.Debug|Any CPU.Build.0 = Debug|Any CPU
		{23D70138-A8C9-02F1-58B1-3F9892CA84B8}.Release|Any CPU.ActiveCfg = Release|Any CPU
		{23D70138-A8C9-02F1-58B1-3F9892CA84B8}.Release|Any CPU.Build.0 = Release|Any CPU
		{DB612CB8-5F69-81FD-1258-8D89C99A77DC}.Debug|Any CPU.ActiveCfg = Debug|Any CPU
		{DB612CB8-5F69-81FD-1258-8D89C99A77DC}.Debug|Any CPU.Build.0 = Debug|Any CPU
		{DB612CB8-5F69-81FD-1258-8D89C99A77DC}.Release|Any CPU.ActiveCfg = Release|Any CPU
		{DB612CB8-5F69-81FD-1258-8D89C99A77DC}.Release|Any CPU.Build.0 = Release|Any CPU
		{6D766E2B-A79F-257F-255D-6DEE05EE2428}.Debug|Any CPU.ActiveCfg = Debug|Any CPU
		{6D766E2B-A79F-257F-255D-6DEE05EE2428}.Debug|Any CPU.Build.0 = Debug|Any CPU
		{6D766E2B-A79F-257F-255D-6DEE05EE2428}.Release|Any CPU.ActiveCfg = Release|Any CPU
		{6D766E2B-A79F-257F-255D-6DEE05EE2428}.Release|Any CPU.Build.0 = Release|Any CPU
		{A6567222-0FBB-133E-EFFF-A18FE72B3D23}.Debug|Any CPU.ActiveCfg = Debug|Any CPU
		{A6567222-0FBB-133E-EFFF-A18FE72B3D23}.Debug|Any CPU.Build.0 = Debug|Any CPU
		{A6567222-0FBB-133E-EFFF-A18FE72B3D23}.Release|Any CPU.ActiveCfg = Release|Any CPU
		{A6567222-0FBB-133E-EFFF-A18FE72B3D23}.Release|Any CPU.Build.0 = Release|Any CPU
		{3D3FA7A3-D97E-A820-E6F3-CD59DE6651E3}.Debug|Any CPU.ActiveCfg = Debug|Any CPU
		{3D3FA7A3-D97E-A820-E6F3-CD59DE6651E3}.Debug|Any CPU.Build.0 = Debug|Any CPU
		{3D3FA7A3-D97E-A820-E6F3-CD59DE6651E3}.Release|Any CPU.ActiveCfg = Release|Any CPU
		{3D3FA7A3-D97E-A820-E6F3-CD59DE6651E3}.Release|Any CPU.Build.0 = Release|Any CPU
	EndGlobalSection
	GlobalSection(SolutionProperties) = preSolution
		HideSolutionNode = FALSE
	EndGlobalSection
	GlobalSection(NestedProjects) = preSolution
		{5A6DE427-0821-DE18-18B9-A89C82201633} = {1DBD47E2-544B-F58A-27AE-70AE938492FA}
		{D76E3EEF-C2AB-7A92-12B8-721B364E74DB} = {1DBD47E2-544B-F58A-27AE-70AE938492FA}
		{514AA716-2F94-FE83-2866-FAE5812C38D9} = {1DBD47E2-544B-F58A-27AE-70AE938492FA}
		{1F3C359D-BFAB-8A01-1FE2-A7E54362EC02} = {1DBD47E2-544B-F58A-27AE-70AE938492FA}
		{E8234589-57E4-2A2C-B59F-0A23E8DD8D66} = {1DBD47E2-544B-F58A-27AE-70AE938492FA}
		{B3AD2706-DAC0-6E5C-2D51-09C8188B0771} = {1DBD47E2-544B-F58A-27AE-70AE938492FA}
		{511187DD-10F2-4782-8A88-A05B59564036} = {1DBD47E2-544B-F58A-27AE-70AE938492FA}
		{23D70138-A8C9-02F1-58B1-3F9892CA84B8} = {1DBD47E2-544B-F58A-27AE-70AE938492FA}
		{DB612CB8-5F69-81FD-1258-8D89C99A77DC} = {1DBD47E2-544B-F58A-27AE-70AE938492FA}
		{6D766E2B-A79F-257F-255D-6DEE05EE2428} = {1DBD47E2-544B-F58A-27AE-70AE938492FA}
		{A6567222-0FBB-133E-EFFF-A18FE72B3D23} = {1DBD47E2-544B-F58A-27AE-70AE938492FA}
		{3D3FA7A3-D97E-A820-E6F3-CD59DE6651E3} = {1DBD47E2-544B-F58A-27AE-70AE938492FA}
	EndGlobalSection
	GlobalSection(ExtensibilityGlobals) = postSolution
		SolutionGuid = {3A597FF9-EADC-4905-B1D8-B2CA8A2D9C1F}
	EndGlobalSection
EndGlobal
